
Microsoft Visual Studio Solution File, Format Version 12.00
# Visual Studio 2017
Project("{FAE04EC0-301F-11D3-BF4B-00C04F79EFBC}") = "Team_Project.Plugins", "Team_Project.Plugins.csproj", "{6E9883A5-9968-BA3D-EE35-9EA59D23FAEE}"
EndProject
Project("{FAE04EC0-301F-11D3-BF4B-00C04F79EFBC}") = "Team_Project", "Team_Project.csproj", "{BF3E1614-E5D5-F663-93FC-4153F51D1CC3}"
EndProject
Project("{FAE04EC0-301F-11D3-BF4B-00C04F79EFBC}") = "Team_Project.Editor.Plugins", "Team_Project.Editor.Plugins.csproj", "{993A7547-A7DD-0DF7-F7A6-8E7C3654525E}"
EndProject
Global
	GlobalSection(SolutionConfigurationPlatforms) = preSolution
		Debug|Any CPU = Debug|Any CPU
		Release|Any CPU = Release|Any CPU
	EndGlobalSection
	GlobalSection(ProjectConfigurationPlatforms) = postSolution
		{6E9883A5-9968-BA3D-EE35-9EA59D23FAEE}.Debug|Any CPU.ActiveCfg = Debug|Any CPU
		{6E9883A5-9968-BA3D-EE35-9EA59D23FAEE}.Debug|Any CPU.Build.0 = Debug|Any CPU
		{6E9883A5-9968-BA3D-EE35-9EA59D23FAEE}.Release|Any CPU.ActiveCfg = Release|Any CPU
		{6E9883A5-9968-BA3D-EE35-9EA59D23FAEE}.Release|Any CPU.Build.0 = Release|Any CPU
		{BF3E1614-E5D5-F663-93FC-4153F51D1CC3}.Debug|Any CPU.ActiveCfg = Debug|Any CPU
		{BF3E1614-E5D5-F663-93FC-4153F51D1CC3}.Debug|Any CPU.Build.0 = Debug|Any CPU
		{BF3E1614-E5D5-F663-93FC-4153F51D1CC3}.Release|Any CPU.ActiveCfg = Release|Any CPU
		{BF3E1614-E5D5-F663-93FC-4153F51D1CC3}.Release|Any CPU.Build.0 = Release|Any CPU
		{993A7547-A7DD-0DF7-F7A6-8E7C3654525E}.Debug|Any CPU.ActiveCfg = Debug|Any CPU
		{993A7547-A7DD-0DF7-F7A6-8E7C3654525E}.Debug|Any CPU.Build.0 = Debug|Any CPU
		{993A7547-A7DD-0DF7-F7A6-8E7C3654525E}.Release|Any CPU.ActiveCfg = Release|Any CPU
		{993A7547-A7DD-0DF7-F7A6-8E7C3654525E}.Release|Any CPU.Build.0 = Release|Any CPU
	EndGlobalSection
	GlobalSection(SolutionProperties) = preSolution
		HideSolutionNode = FALSE
	EndGlobalSection
EndGlobal
